
Microsoft Visual Studio Solution File, Format Version 12.00
Project("{FAE04EC0-301F-11D3-BF4B-00C04F79EFBC}") = "IdP-Server-v2", "IdP-Server-v2\IdP-Server-v2\IdP-Server-v2.csproj", "{0174515A-4935-47BD-A219-AEDB8156A195}"
EndProject
Project("{FAE04EC0-301F-11D3-BF4B-00C04F79EFBC}") = "IdP-Server-v2.Client", "IdP-Server-v2\IdP-Server-v2.Client\IdP-Server-v2.Client.csproj", "{6ED3A372-332A-431E-BB3C-B37C9A971CA5}"
EndProject
Project("{2150E333-8FDC-42A3-9474-1A3956D46DE8}") = "Solution Items", "Solution Items", "{3E3F41BF-4368-45BD-980B-CB11A2158FF0}"
	ProjectSection(SolutionItems) = preProject
		docker-compose.yml = docker-compose.yml
	EndProjectSection
EndProject
Global
	GlobalSection(SolutionConfigurationPlatforms) = preSolution
		Debug|Any CPU = Debug|Any CPU
		Release|Any CPU = Release|Any CPU
	EndGlobalSection
	GlobalSection(ProjectConfigurationPlatforms) = postSolution
		{0174515A-4935-47BD-A219-AEDB8156A195}.Debug|Any CPU.ActiveCfg = Debug|Any CPU
		{0174515A-4935-47BD-A219-AEDB8156A195}.Debug|Any CPU.Build.0 = Debug|Any CPU
		{0174515A-4935-47BD-A219-AEDB8156A195}.Release|Any CPU.ActiveCfg = Release|Any CPU
		{0174515A-4935-47BD-A219-AEDB8156A195}.Release|Any CPU.Build.0 = Release|Any CPU
		{6ED3A372-332A-431E-BB3C-B37C9A971CA5}.Debug|Any CPU.ActiveCfg = Debug|Any CPU
		{6ED3A372-332A-431E-BB3C-B37C9A971CA5}.Debug|Any CPU.Build.0 = Debug|Any CPU
		{6ED3A372-332A-431E-BB3C-B37C9A971CA5}.Release|Any CPU.ActiveCfg = Release|Any CPU
		{6ED3A372-332A-431E-BB3C-B37C9A971CA5}.Release|Any CPU.Build.0 = Release|Any CPU
	EndGlobalSection
EndGlobal
