
Microsoft Visual Studio Solution File, Format Version 12.00
Project("{FAE04EC0-301F-11D3-BF4B-00C04F79EFBC}") = "IdentityProvider", "IdentityProvider\IdentityProvider.csproj", "{69D1974F-0D7C-423C-8C65-CD6C5B3EF802}"
EndProject
Project("{2150E333-8FDC-42A3-9474-1A3956D46DE8}") = "Solution Items", "Solution Items", "{08BBE7CC-1BD9-4113-BCCD-082396A6D462}"
	ProjectSection(SolutionItems) = preProject
		docker-compose.yml = docker-compose.yml
	EndProjectSection
EndProject
Global
	GlobalSection(SolutionConfigurationPlatforms) = preSolution
		Debug|Any CPU = Debug|Any CPU
		Release|Any CPU = Release|Any CPU
	EndGlobalSection
	GlobalSection(ProjectConfigurationPlatforms) = postSolution
		{69D1974F-0D7C-423C-8C65-CD6C5B3EF802}.Debug|Any CPU.ActiveCfg = Debug|Any CPU
		{69D1974F-0D7C-423C-8C65-CD6C5B3EF802}.Debug|Any CPU.Build.0 = Debug|Any CPU
		{69D1974F-0D7C-423C-8C65-CD6C5B3EF802}.Release|Any CPU.ActiveCfg = Release|Any CPU
		{69D1974F-0D7C-423C-8C65-CD6C5B3EF802}.Release|Any CPU.Build.0 = Release|Any CPU
	EndGlobalSection
EndGlobal
